
Microsoft Visual Studio Solution File, Format Version 12.00
# Visual Studio Version 17
VisualStudioVersion = 17.1.32210.238
MinimumVisualStudioVersion = 10.0.40219.1
Project("{9A19103F-16F7-4668-BE54-9A1E7A4F7556}") = "Open.Caching", "Open.Caching\Open.Caching.csproj", "{C0B12CF1-9831-4E60-8A4F-5D318DF2ADB5}"
EndProject
Project("{9A19103F-16F7-4668-BE54-9A1E7A4F7556}") = "Open.Caching.Runtime", "Open.Caching.Runtime\Open.Caching.Runtime.csproj", "{4EE48798-CC29-4092-A03A-37C391642936}"
EndProject
Project("{FAE04EC0-301F-11D3-BF4B-00C04F79EFBC}") = "Open.Caching.Web", "Open.Caching.Web\Open.Caching.Web.csproj", "{1394DF4E-9965-4910-B87E-604839EA2A3D}"
EndProject
Project("{9A19103F-16F7-4668-BE54-9A1E7A4F7556}") = "Open.Caching.Tests", "Open.Caching.Tests\Open.Caching.Tests.csproj", "{46CEE76C-DB6C-431D-BEC4-8F237C86CB56}"
EndProject
Project("{FAE04EC0-301F-11D3-BF4B-00C04F79EFBC}") = "Open.Caching.Memory", "Open.Caching.Memory\Open.Caching.Memory.csproj", "{CB660E2A-9E5D-4C2C-9B2C-8BDECAA4EC6C}"
EndProject
Project("{9A19103F-16F7-4668-BE54-9A1E7A4F7556}") = "Open.Caching.Extensions.Memory", "Open.Caching.Extensions.Memory\Open.Caching.Extensions.Memory.csproj", "{9F7A58A1-E337-488C-BE86-FE5CDE23B592}"
EndProject
Global
	GlobalSection(SolutionConfigurationPlatforms) = preSolution
		Debug|Any CPU = Debug|Any CPU
		Release|Any CPU = Release|Any CPU
	EndGlobalSection
	GlobalSection(ProjectConfigurationPlatforms) = postSolution
		{C0B12CF1-9831-4E60-8A4F-5D318DF2ADB5}.Debug|Any CPU.ActiveCfg = Debug|Any CPU
		{C0B12CF1-9831-4E60-8A4F-5D318DF2ADB5}.Debug|Any CPU.Build.0 = Debug|Any CPU
		{C0B12CF1-9831-4E60-8A4F-5D318DF2ADB5}.Release|Any CPU.ActiveCfg = Release|Any CPU
		{C0B12CF1-9831-4E60-8A4F-5D318DF2ADB5}.Release|Any CPU.Build.0 = Release|Any CPU
		{4EE48798-CC29-4092-A03A-37C391642936}.Debug|Any CPU.ActiveCfg = Debug|Any CPU
		{4EE48798-CC29-4092-A03A-37C391642936}.Debug|Any CPU.Build.0 = Debug|Any CPU
		{4EE48798-CC29-4092-A03A-37C391642936}.Release|Any CPU.ActiveCfg = Release|Any CPU
		{4EE48798-CC29-4092-A03A-37C391642936}.Release|Any CPU.Build.0 = Release|Any CPU
		{1394DF4E-9965-4910-B87E-604839EA2A3D}.Debug|Any CPU.ActiveCfg = Debug|Any CPU
		{1394DF4E-9965-4910-B87E-604839EA2A3D}.Debug|Any CPU.Build.0 = Debug|Any CPU
		{1394DF4E-9965-4910-B87E-604839EA2A3D}.Release|Any CPU.ActiveCfg = Release|Any CPU
		{1394DF4E-9965-4910-B87E-604839EA2A3D}.Release|Any CPU.Build.0 = Release|Any CPU
		{46CEE76C-DB6C-431D-BEC4-8F237C86CB56}.Debug|Any CPU.ActiveCfg = Debug|Any CPU
		{46CEE76C-DB6C-431D-BEC4-8F237C86CB56}.Debug|Any CPU.Build.0 = Debug|Any CPU
		{46CEE76C-DB6C-431D-BEC4-8F237C86CB56}.Release|Any CPU.ActiveCfg = Release|Any CPU
		{46CEE76C-DB6C-431D-BEC4-8F237C86CB56}.Release|Any CPU.Build.0 = Release|Any CPU
		{CB660E2A-9E5D-4C2C-9B2C-8BDECAA4EC6C}.Debug|Any CPU.ActiveCfg = Debug|Any CPU
		{CB660E2A-9E5D-4C2C-9B2C-8BDECAA4EC6C}.Debug|Any CPU.Build.0 = Debug|Any CPU
		{CB660E2A-9E5D-4C2C-9B2C-8BDECAA4EC6C}.Release|Any CPU.ActiveCfg = Release|Any CPU
		{CB660E2A-9E5D-4C2C-9B2C-8BDECAA4EC6C}.Release|Any CPU.Build.0 = Release|Any CPU
		{9F7A58A1-E337-488C-BE86-FE5CDE23B592}.Debug|Any CPU.ActiveCfg = Debug|Any CPU
		{9F7A58A1-E337-488C-BE86-FE5CDE23B592}.Debug|Any CPU.Build.0 = Debug|Any CPU
		{9F7A58A1-E337-488C-BE86-FE5CDE23B592}.Release|Any CPU.ActiveCfg = Release|Any CPU
		{9F7A58A1-E337-488C-BE86-FE5CDE23B592}.Release|Any CPU.Build.0 = Release|Any CPU
	EndGlobalSection
	GlobalSection(SolutionProperties) = preSolution
		HideSolutionNode = FALSE
	EndGlobalSection
	GlobalSection(ExtensibilityGlobals) = postSolution
		SolutionGuid = {7A770956-8BAE-4200-9C30-9427795DA3F4}
	EndGlobalSection
EndGlobal
